
Microsoft Visual Studio Solution File, Format Version 12.00
# Visual Studio Version 16
VisualStudioVersion = 16.0.30804.86
MinimumVisualStudioVersion = 10.0.40219.1
Project("{888888A0-9F3D-457C-B088-3A5042F75D52}") = "CIS_440_Project", "CIS_440_Project\CIS_440_Project.pyproj", "{30D874E7-D3EC-481F-9D93-52E7E6CF887D}"
EndProject
Global
	GlobalSection(SolutionConfigurationPlatforms) = preSolution
		Debug|Any CPU = Debug|Any CPU
		Release|Any CPU = Release|Any CPU
	EndGlobalSection
	GlobalSection(ProjectConfigurationPlatforms) = postSolution
		{30D874E7-D3EC-481F-9D93-52E7E6CF887D}.Debug|Any CPU.ActiveCfg = Debug|Any CPU
		{30D874E7-D3EC-481F-9D93-52E7E6CF887D}.Debug|Any CPU.Build.0 = Debug|Any CPU
		{30D874E7-D3EC-481F-9D93-52E7E6CF887D}.Release|Any CPU.ActiveCfg = Release|Any CPU
		{30D874E7-D3EC-481F-9D93-52E7E6CF887D}.Release|Any CPU.Build.0 = Release|Any CPU
	EndGlobalSection
	GlobalSection(SolutionProperties) = preSolution
		HideSolutionNode = FALSE
	EndGlobalSection
	GlobalSection(ExtensibilityGlobals) = postSolution
		SolutionGuid = {72F08752-3982-4300-860C-1C0929C3F7E5}
	EndGlobalSection
EndGlobal
